
Microsoft Visual Studio Solution File, Format Version 12.00
# Visual Studio Version 17
VisualStudioVersion = 17.5.33530.505
MinimumVisualStudioVersion = 10.0.40219.1
Project("{FAE04EC0-301F-11D3-BF4B-00C04F79EFBC}") = "Practical_6", "Practical_6\Practical_6.csproj", "{FD6EBE41-891C-4CBF-8784-1C428CE9E56F}"
EndProject
Global
	GlobalSection(SolutionConfigurationPlatforms) = preSolution
		Debug|Any CPU = Debug|Any CPU
		Release|Any CPU = Release|Any CPU
	EndGlobalSection
	GlobalSection(ProjectConfigurationPlatforms) = postSolution
		{FD6EBE41-891C-4CBF-8784-1C428CE9E56F}.Debug|Any CPU.ActiveCfg = Debug|Any CPU
		{FD6EBE41-891C-4CBF-8784-1C428CE9E56F}.Debug|Any CPU.Build.0 = Debug|Any CPU
		{FD6EBE41-891C-4CBF-8784-1C428CE9E56F}.Release|Any CPU.ActiveCfg = Release|Any CPU
		{FD6EBE41-891C-4CBF-8784-1C428CE9E56F}.Release|Any CPU.Build.0 = Release|Any CPU
	EndGlobalSection
	GlobalSection(SolutionProperties) = preSolution
		HideSolutionNode = FALSE
	EndGlobalSection
	GlobalSection(ExtensibilityGlobals) = postSolution
		SolutionGuid = {91FF7578-49B3-4343-BC5F-70664C3B6222}
	EndGlobalSection
EndGlobal
