
Microsoft Visual Studio Solution File, Format Version 12.00
# Visual Studio Version 17
VisualStudioVersion = 17.5.33530.505
MinimumVisualStudioVersion = 10.0.40219.1
Project("{FAE04EC0-301F-11D3-BF4B-00C04F79EFBC}") = "Practical_2", "Practical_2\Practical_2.csproj", "{D9C51631-3A51-41A5-90BA-FE90B7D129E2}"
EndProject
Global
	GlobalSection(SolutionConfigurationPlatforms) = preSolution
		Debug|Any CPU = Debug|Any CPU
		Release|Any CPU = Release|Any CPU
	EndGlobalSection
	GlobalSection(ProjectConfigurationPlatforms) = postSolution
		{D9C51631-3A51-41A5-90BA-FE90B7D129E2}.Debug|Any CPU.ActiveCfg = Debug|Any CPU
		{D9C51631-3A51-41A5-90BA-FE90B7D129E2}.Debug|Any CPU.Build.0 = Debug|Any CPU
		{D9C51631-3A51-41A5-90BA-FE90B7D129E2}.Release|Any CPU.ActiveCfg = Release|Any CPU
		{D9C51631-3A51-41A5-90BA-FE90B7D129E2}.Release|Any CPU.Build.0 = Release|Any CPU
	EndGlobalSection
	GlobalSection(SolutionProperties) = preSolution
		HideSolutionNode = FALSE
	EndGlobalSection
	GlobalSection(ExtensibilityGlobals) = postSolution
		SolutionGuid = {1719DA02-35AE-4D4E-AD94-702CF712652F}
	EndGlobalSection
EndGlobal
